
Microsoft Visual Studio Solution File, Format Version 12.00
# Visual Studio 15
VisualStudioVersion = 15.0.26228.4
MinimumVisualStudioVersion = 10.0.40219.1
Project("{FAE04EC0-301F-11D3-BF4B-00C04F79EFBC}") = "Probe", "Probe\Probe.csproj", "{7AE76F93-A62C-4A9F-9B69-BC0F3453DB50}"
EndProject
Project("{FAE04EC0-301F-11D3-BF4B-00C04F79EFBC}") = "PerfMonProbe", "PerfMonProbe\PerfMonProbe.csproj", "{370C2FCC-D490-4464-8C0F-F3018D6DAA30}"
EndProject
Project("{FAE04EC0-301F-11D3-BF4B-00C04F79EFBC}") = "EventLogProbe", "EventLogProbe\EventLogProbe.csproj", "{95542302-16B1-4E3A-9040-7EE653076C6D}"
EndProject
Project("{FAE04EC0-301F-11D3-BF4B-00C04F79EFBC}") = "PowerShellProbe", "PowerShellProbe\PowerShellProbe.csproj", "{B721631A-953A-4018-B555-5743679DABA2}"
EndProject
Project("{FAE04EC0-301F-11D3-BF4B-00C04F79EFBC}") = "DelayStateFilter", "DelayStateFilter\DelayStateFilter.csproj", "{4FDA4CDE-8C7E-4CC4-938E-95BE4E856BFC}"
EndProject
Project("{FAE04EC0-301F-11D3-BF4B-00C04F79EFBC}") = "EmailTraceListener", "EmailTraceListener\EmailTraceListener.csproj", "{CBDF8792-A7BF-4EF3-95D0-BD31738C5792}"
EndProject
Project("{FAE04EC0-301F-11D3-BF4B-00C04F79EFBC}") = "nUnitTest", "nUnitTest\nUnitTest.csproj", "{5D2EF407-3C14-406C-B563-69CE28115091}"
EndProject
Project("{FAE04EC0-301F-11D3-BF4B-00C04F79EFBC}") = "SnakeEyesConfig", "SnakeEyesConfig\SnakeEyesConfig.csproj", "{828F8186-5B87-4B93-A6B2-CB3938ECDA65}"
EndProject
Project("{FAE04EC0-301F-11D3-BF4B-00C04F79EFBC}") = "SnakeEyesService", "SnakeEyesService\SnakeEyesService.csproj", "{8C0D5269-6943-4F5D-90F9-F9D1A5DDB139}"
EndProject
Project("{FAE04EC0-301F-11D3-BF4B-00C04F79EFBC}") = "PingProbe", "PingProbe\PingProbe.csproj", "{0E02C78E-8358-43AF-82D5-94E99D4392C0}"
EndProject
Project("{FAE04EC0-301F-11D3-BF4B-00C04F79EFBC}") = "SnakeEyesClient", "SnakeEyesClient\SnakeEyesClient.csproj", "{30015162-6F76-49F8-AF47-88DD49B631D5}"
EndProject
Project("{FAE04EC0-301F-11D3-BF4B-00C04F79EFBC}") = "WCFService", "WCFService\WCFService.csproj", "{A98B7761-8D6F-44FC-AE19-C9D0F234234A}"
EndProject
Project("{FAE04EC0-301F-11D3-BF4B-00C04F79EFBC}") = "FileProbe", "FileProbe\FileProbe.csproj", "{3F501345-C388-4A9C-B4D7-327A2BDCC62D}"
EndProject
Global
	GlobalSection(SolutionConfigurationPlatforms) = preSolution
		Debug|Any CPU = Debug|Any CPU
		Release|Any CPU = Release|Any CPU
	EndGlobalSection
	GlobalSection(ProjectConfigurationPlatforms) = postSolution
		{7AE76F93-A62C-4A9F-9B69-BC0F3453DB50}.Debug|Any CPU.ActiveCfg = Debug|Any CPU
		{7AE76F93-A62C-4A9F-9B69-BC0F3453DB50}.Debug|Any CPU.Build.0 = Debug|Any CPU
		{7AE76F93-A62C-4A9F-9B69-BC0F3453DB50}.Release|Any CPU.ActiveCfg = Release|Any CPU
		{7AE76F93-A62C-4A9F-9B69-BC0F3453DB50}.Release|Any CPU.Build.0 = Release|Any CPU
		{370C2FCC-D490-4464-8C0F-F3018D6DAA30}.Debug|Any CPU.ActiveCfg = Debug|Any CPU
		{370C2FCC-D490-4464-8C0F-F3018D6DAA30}.Debug|Any CPU.Build.0 = Debug|Any CPU
		{370C2FCC-D490-4464-8C0F-F3018D6DAA30}.Release|Any CPU.ActiveCfg = Release|Any CPU
		{370C2FCC-D490-4464-8C0F-F3018D6DAA30}.Release|Any CPU.Build.0 = Release|Any CPU
		{95542302-16B1-4E3A-9040-7EE653076C6D}.Debug|Any CPU.ActiveCfg = Debug|Any CPU
		{95542302-16B1-4E3A-9040-7EE653076C6D}.Debug|Any CPU.Build.0 = Debug|Any CPU
		{95542302-16B1-4E3A-9040-7EE653076C6D}.Release|Any CPU.ActiveCfg = Release|Any CPU
		{95542302-16B1-4E3A-9040-7EE653076C6D}.Release|Any CPU.Build.0 = Release|Any CPU
		{B721631A-953A-4018-B555-5743679DABA2}.Debug|Any CPU.ActiveCfg = Debug|Any CPU
		{B721631A-953A-4018-B555-5743679DABA2}.Debug|Any CPU.Build.0 = Debug|Any CPU
		{B721631A-953A-4018-B555-5743679DABA2}.Release|Any CPU.ActiveCfg = Release|Any CPU
		{B721631A-953A-4018-B555-5743679DABA2}.Release|Any CPU.Build.0 = Release|Any CPU
		{4FDA4CDE-8C7E-4CC4-938E-95BE4E856BFC}.Debug|Any CPU.ActiveCfg = Debug|Any CPU
		{4FDA4CDE-8C7E-4CC4-938E-95BE4E856BFC}.Debug|Any CPU.Build.0 = Debug|Any CPU
		{4FDA4CDE-8C7E-4CC4-938E-95BE4E856BFC}.Release|Any CPU.ActiveCfg = Release|Any CPU
		{4FDA4CDE-8C7E-4CC4-938E-95BE4E856BFC}.Release|Any CPU.Build.0 = Release|Any CPU
		{CBDF8792-A7BF-4EF3-95D0-BD31738C5792}.Debug|Any CPU.ActiveCfg = Debug|Any CPU
		{CBDF8792-A7BF-4EF3-95D0-BD31738C5792}.Debug|Any CPU.Build.0 = Debug|Any CPU
		{CBDF8792-A7BF-4EF3-95D0-BD31738C5792}.Release|Any CPU.ActiveCfg = Release|Any CPU
		{CBDF8792-A7BF-4EF3-95D0-BD31738C5792}.Release|Any CPU.Build.0 = Release|Any CPU
		{5D2EF407-3C14-406C-B563-69CE28115091}.Debug|Any CPU.ActiveCfg = Debug|Any CPU
		{5D2EF407-3C14-406C-B563-69CE28115091}.Debug|Any CPU.Build.0 = Debug|Any CPU
		{5D2EF407-3C14-406C-B563-69CE28115091}.Release|Any CPU.ActiveCfg = Release|Any CPU
		{5D2EF407-3C14-406C-B563-69CE28115091}.Release|Any CPU.Build.0 = Release|Any CPU
		{828F8186-5B87-4B93-A6B2-CB3938ECDA65}.Debug|Any CPU.ActiveCfg = Debug|Any CPU
		{828F8186-5B87-4B93-A6B2-CB3938ECDA65}.Debug|Any CPU.Build.0 = Debug|Any CPU
		{828F8186-5B87-4B93-A6B2-CB3938ECDA65}.Release|Any CPU.ActiveCfg = Release|Any CPU
		{828F8186-5B87-4B93-A6B2-CB3938ECDA65}.Release|Any CPU.Build.0 = Release|Any CPU
		{8C0D5269-6943-4F5D-90F9-F9D1A5DDB139}.Debug|Any CPU.ActiveCfg = Debug|Any CPU
		{8C0D5269-6943-4F5D-90F9-F9D1A5DDB139}.Debug|Any CPU.Build.0 = Debug|Any CPU
		{8C0D5269-6943-4F5D-90F9-F9D1A5DDB139}.Release|Any CPU.ActiveCfg = Release|Any CPU
		{8C0D5269-6943-4F5D-90F9-F9D1A5DDB139}.Release|Any CPU.Build.0 = Release|Any CPU
		{0E02C78E-8358-43AF-82D5-94E99D4392C0}.Debug|Any CPU.ActiveCfg = Debug|Any CPU
		{0E02C78E-8358-43AF-82D5-94E99D4392C0}.Debug|Any CPU.Build.0 = Debug|Any CPU
		{0E02C78E-8358-43AF-82D5-94E99D4392C0}.Release|Any CPU.ActiveCfg = Release|Any CPU
		{0E02C78E-8358-43AF-82D5-94E99D4392C0}.Release|Any CPU.Build.0 = Release|Any CPU
		{30015162-6F76-49F8-AF47-88DD49B631D5}.Debug|Any CPU.ActiveCfg = Debug|Any CPU
		{30015162-6F76-49F8-AF47-88DD49B631D5}.Debug|Any CPU.Build.0 = Debug|Any CPU
		{30015162-6F76-49F8-AF47-88DD49B631D5}.Release|Any CPU.ActiveCfg = Release|Any CPU
		{30015162-6F76-49F8-AF47-88DD49B631D5}.Release|Any CPU.Build.0 = Release|Any CPU
		{A98B7761-8D6F-44FC-AE19-C9D0F234234A}.Debug|Any CPU.ActiveCfg = Debug|Any CPU
		{A98B7761-8D6F-44FC-AE19-C9D0F234234A}.Debug|Any CPU.Build.0 = Debug|Any CPU
		{A98B7761-8D6F-44FC-AE19-C9D0F234234A}.Release|Any CPU.ActiveCfg = Release|Any CPU
		{A98B7761-8D6F-44FC-AE19-C9D0F234234A}.Release|Any CPU.Build.0 = Release|Any CPU
		{3F501345-C388-4A9C-B4D7-327A2BDCC62D}.Debug|Any CPU.ActiveCfg = Debug|Any CPU
		{3F501345-C388-4A9C-B4D7-327A2BDCC62D}.Debug|Any CPU.Build.0 = Debug|Any CPU
		{3F501345-C388-4A9C-B4D7-327A2BDCC62D}.Release|Any CPU.ActiveCfg = Release|Any CPU
		{3F501345-C388-4A9C-B4D7-327A2BDCC62D}.Release|Any CPU.Build.0 = Release|Any CPU
	EndGlobalSection
	GlobalSection(SolutionProperties) = preSolution
		HideSolutionNode = FALSE
	EndGlobalSection
EndGlobal
